{
    "_readme": [
        "This file locks the dependencies of your project to a known state",
        "Read more about it at https://getcomposer.org/doc/01-basic-usage.md#composer-lock-the-lock-file",
        "This file is @generated automatically"
    ],
    "content-hash": "101f7041b9868b03754b788c1d954551",
    "packages": [
        {
            "name": "anax/common",
            "version": "v1.0.11",
            "source": {
                "type": "git",
                "url": "https://github.com/canax/common.git",
                "reference": "064d8384d229e8153f8433bb185f02cd2b8b8f86"
            },
            "dist": {
                "type": "zip",
                "url": "https://api.github.com/repos/canax/common/zipball/064d8384d229e8153f8433bb185f02cd2b8b8f86",
                "reference": "064d8384d229e8153f8433bb185f02cd2b8b8f86",
                "shasum": ""
            },
            "require": {
                "php": ">=5.6"
            },
            "require-dev": {
                "php": ">=5.6"
            },
            "type": "library",
            "autoload": {
                "psr-4": {
                    "Anax\\": "src/"
                },
                "files": [
                    "src/functions.php"
                ]
            },
            "notification-url": "https://packagist.org/downloads/",
            "license": [
                "MIT"
            ],
            "authors": [
                {
                    "name": "Mikael Roos",
                    "email": "mos@dbwebb.se",
                    "homepage": "https://dbwebb.se",
                    "role": "Developer"
                }
            ],
            "description": "Anax Common functions and classes.",
            "homepage": "https://dbwebb.se/anax",
            "keywords": [
                "boilerplate",
                "education",
                "framework",
                "micro",
                "mvc"
            ],
            "time": "2017-08-04T14:19:51+00:00"
        },
        {
            "name": "anax/configure",
            "version": "v1.0.0",
            "source": {
                "type": "git",
                "url": "https://github.com/canax/configure.git",
                "reference": "fdcac4f818c0331a06c83740e7eba99e2306ee9f"
            },
            "dist": {
                "type": "zip",
                "url": "https://api.github.com/repos/canax/configure/zipball/fdcac4f818c0331a06c83740e7eba99e2306ee9f",
                "reference": "fdcac4f818c0331a06c83740e7eba99e2306ee9f",
                "shasum": ""
            },
            "require": {
                "php": ">=5.6"
            },
            "type": "library",
            "autoload": {
                "psr-4": {
                    "Anax\\": "src/"
                }
            },
            "notification-url": "https://packagist.org/downloads/",
            "license": [
                "MIT"
            ],
            "authors": [
                {
                    "name": "Mikael Roos",
                    "email": "mos@dbwebb.se",
                    "homepage": "https://dbwebb.se",
                    "role": "Developer"
                }
            ],
            "description": "Anax Configure module for reading config files.",
            "homepage": "https://dbwebb.se/anax",
            "keywords": [
                "boilerplate",
                "education",
                "framework",
                "micro",
                "mvc"
            ],
            "time": "2017-05-04T08:43:29+00:00"
        },
        {
            "name": "anax/request",
            "version": "v1.0.5",
            "source": {
                "type": "git",
                "url": "https://github.com/canax/request.git",
                "reference": "6a1ee3cde19d0f2d9a135dfbf346afd8bd5c009c"
            },
            "dist": {
                "type": "zip",
                "url": "https://api.github.com/repos/canax/request/zipball/6a1ee3cde19d0f2d9a135dfbf346afd8bd5c009c",
                "reference": "6a1ee3cde19d0f2d9a135dfbf346afd8bd5c009c",
                "shasum": ""
            },
            "require": {
                "php": ">=5.6"
            },
            "require-dev": {
                "php": ">=5.6"
            },
            "type": "library",
            "autoload": {
                "psr-4": {
                    "Anax\\": "src/"
                }
            },
            "notification-url": "https://packagist.org/downloads/",
            "license": [
                "MIT"
            ],
            "authors": [
                {
                    "name": "Mikael Roos",
                    "email": "mos@dbwebb.se",
                    "homepage": "https://dbwebb.se",
                    "role": "Developer"
                }
            ],
            "description": "Anax Request class.",
            "homepage": "https://dbwebb.se/anax",
            "keywords": [
                "boilerplate",
                "education",
                "framework",
                "micro",
                "mvc"
            ],
            "time": "2017-06-26T12:29:07+00:00"
        },
        {
            "name": "anax/response",
            "version": "v1.0.5",
            "source": {
                "type": "git",
                "url": "https://github.com/canax/response.git",
                "reference": "b026eea38af2a52874fe9cbf7b58db37d08b34c9"
            },
            "dist": {
                "type": "zip",
                "url": "https://api.github.com/repos/canax/response/zipball/b026eea38af2a52874fe9cbf7b58db37d08b34c9",
                "reference": "b026eea38af2a52874fe9cbf7b58db37d08b34c9",
                "shasum": ""
            },
            "require": {
                "php": ">=5.6"
            },
            "type": "library",
            "autoload": {
                "psr-4": {
                    "Anax\\": "src/"
                }
            },
            "notification-url": "https://packagist.org/downloads/",
            "license": [
                "MIT"
            ],
            "authors": [
                {
                    "name": "Mikael Roos",
                    "email": "mos@dbwebb.se",
                    "homepage": "https://dbwebb.se",
                    "role": "Developer"
                }
            ],
            "description": "Anax Response module.",
            "homepage": "https://dbwebb.se/anax",
            "keywords": [
                "boilerplate",
                "education",
                "framework",
                "micro",
                "mvc"
            ],
            "time": "2017-04-12T14:55:30+00:00"
        },
        {
            "name": "anax/router",
            "version": "v1.0.9",
            "source": {
                "type": "git",
                "url": "https://github.com/canax/router.git",
                "reference": "4207c0226226c0d60e8660cef6b1c32a21bcc77f"
            },
            "dist": {
                "type": "zip",
                "url": "https://api.github.com/repos/canax/router/zipball/4207c0226226c0d60e8660cef6b1c32a21bcc77f",
                "reference": "4207c0226226c0d60e8660cef6b1c32a21bcc77f",
                "shasum": ""
            },
            "require": {
                "anax/common": "1.0.*",
                "php": ">=5.6"
            },
            "type": "library",
            "autoload": {
                "psr-4": {
                    "Anax\\": "src/"
                }
            },
            "notification-url": "https://packagist.org/downloads/",
            "license": [
                "MIT"
            ],
            "authors": [
                {
                    "name": "Mikael Roos",
                    "email": "mos@dbwebb.se",
                    "homepage": "https://dbwebb.se",
                    "role": "Developer"
                }
            ],
            "description": "Anax Router module.",
            "homepage": "https://dbwebb.se/anax",
            "keywords": [
                "boilerplate",
                "education",
                "framework",
                "micro",
                "mvc"
            ],
            "time": "2017-08-03T15:37:22+00:00"
        },
        {
            "name": "anax/session",
            "version": "v1.0.1",
            "source": {
                "type": "git",
                "url": "https://github.com/canax/session.git",
                "reference": "ac7b95fe9433430ed2055d3699d80aa355b8a61f"
            },
            "dist": {
                "type": "zip",
                "url": "https://api.github.com/repos/canax/session/zipball/ac7b95fe9433430ed2055d3699d80aa355b8a61f",
                "reference": "ac7b95fe9433430ed2055d3699d80aa355b8a61f",
                "shasum": ""
            },
            "require": {
                "php": ">=5.6"
            },
            "require-dev": {
                "anax/configure": "^1.0"
            },
            "suggest": {
                "anax/configure": "^1.0"
            },
            "type": "library",
            "autoload": {
                "psr-4": {
                    "Anax\\": "src/"
                }
            },
            "notification-url": "https://packagist.org/downloads/",
            "license": [
                "MIT"
            ],
            "authors": [
                {
                    "name": "Mikael Roos",
                    "email": "mos@dbwebb.se",
                    "homepage": "https://dbwebb.se",
                    "role": "Developer"
                }
            ],
            "description": "Anax Session module.",
            "homepage": "https://dbwebb.se/anax",
            "keywords": [
                "boilerplate",
                "education",
                "framework",
                "micro",
                "mvc"
            ],
            "time": "2017-06-26T12:21:47+00:00"
        },
        {
            "name": "anax/textfilter",
            "version": "v1.0.1",
            "source": {
                "type": "git",
                "url": "https://github.com/canax/textfilter.git",
                "reference": "16999dc137d005f332e71459802f44310309f7f1"
            },
            "dist": {
                "type": "zip",
                "url": "https://api.github.com/repos/canax/textfilter/zipball/16999dc137d005f332e71459802f44310309f7f1",
                "reference": "16999dc137d005f332e71459802f44310309f7f1",
                "shasum": ""
            },
            "require": {
                "ezyang/htmlpurifier": "4.*",
                "michelf/php-markdown": "1.6.*",
                "michelf/php-smartypants": "1.6.*",
                "php": ">=5.6",
                "scrivo/highlight.php": "^9.0"
            },
            "suggest": {
                "ext-json": "*",
                "ext-yaml": "*"
            },
            "type": "library",
            "autoload": {
                "psr-4": {
                    "Anax\\": "src/"
                }
            },
            "notification-url": "https://packagist.org/downloads/",
            "license": [
                "MIT"
            ],
            "authors": [
                {
                    "name": "Mikael Roos",
                    "email": "mos@dbwebb.se",
                    "homepage": "https://dbwebb.se",
                    "role": "Developer"
                }
            ],
            "description": "Anax TextFilter module.",
            "homepage": "https://dbwebb.se/anax",
            "keywords": [
                "boilerplate",
                "education",
                "framework",
                "micro",
                "mvc"
            ],
            "time": "2017-08-03T08:24:17+00:00"
        },
        {
            "name": "anax/url",
            "version": "v1.0.6",
            "source": {
                "type": "git",
                "url": "https://github.com/canax/url.git",
                "reference": "5d3fa7b073ac63426c9b0446a5e86ecafbd1f67e"
            },
            "dist": {
                "type": "zip",
                "url": "https://api.github.com/repos/canax/url/zipball/5d3fa7b073ac63426c9b0446a5e86ecafbd1f67e",
                "reference": "5d3fa7b073ac63426c9b0446a5e86ecafbd1f67e",
                "shasum": ""
            },
            "require": {
                "anax/common": "^1.0",
                "php": ">=5.6"
            },
            "require-dev": {
                "php": ">=5.6"
            },
            "type": "library",
            "autoload": {
                "psr-4": {
                    "Anax\\": "src/"
                }
            },
            "notification-url": "https://packagist.org/downloads/",
            "license": [
                "MIT"
            ],
            "authors": [
                {
                    "name": "Mikael Roos",
                    "email": "mos@dbwebb.se",
                    "homepage": "https://dbwebb.se",
                    "role": "Developer"
                }
            ],
            "description": "Anax Url class.",
            "homepage": "https://dbwebb.se/anax",
            "keywords": [
                "boilerplate",
                "education",
                "framework",
                "micro",
                "mvc"
            ],
            "time": "2017-03-30T22:16:53+00:00"
        },
        {
            "name": "anax/view",
            "version": "v1.0.12",
            "source": {
                "type": "git",
                "url": "https://github.com/canax/view.git",
                "reference": "c5de53371de1c9e52df0d1aed07e56e684b5c682"
            },
            "dist": {
                "type": "zip",
                "url": "https://api.github.com/repos/canax/view/zipball/c5de53371de1c9e52df0d1aed07e56e684b5c682",
                "reference": "c5de53371de1c9e52df0d1aed07e56e684b5c682",
                "shasum": ""
            },
            "require": {
                "anax/common": "^1.0",
                "php": ">=5.6"
            },
            "require-dev": {
                "php": ">=5.6"
            },
            "type": "library",
            "autoload": {
                "psr-4": {
                    "Anax\\": "src/"
                }
            },
            "notification-url": "https://packagist.org/downloads/",
            "license": [
                "MIT"
            ],
            "authors": [
                {
                    "name": "Mikael Roos",
                    "email": "mos@dbwebb.se",
                    "homepage": "https://dbwebb.se",
                    "role": "Developer"
                }
            ],
            "description": "Anax View module.",
            "homepage": "https://dbwebb.se/anax",
            "keywords": [
                "boilerplate",
                "education",
                "framework",
                "micro",
                "mvc"
            ],
            "time": "2017-08-03T15:40:27+00:00"
        },
        {
            "name": "ezyang/htmlpurifier",
            "version": "v4.9.3",
            "source": {
                "type": "git",
                "url": "https://github.com/ezyang/htmlpurifier.git",
                "reference": "95e1bae3182efc0f3422896a3236e991049dac69"
            },
            "dist": {
                "type": "zip",
                "url": "https://api.github.com/repos/ezyang/htmlpurifier/zipball/95e1bae3182efc0f3422896a3236e991049dac69",
                "reference": "95e1bae3182efc0f3422896a3236e991049dac69",
                "shasum": ""
            },
            "require": {
                "php": ">=5.2"
            },
            "require-dev": {
                "simpletest/simpletest": "^1.1"
            },
            "type": "library",
            "autoload": {
                "psr-0": {
                    "HTMLPurifier": "library/"
                },
                "files": [
                    "library/HTMLPurifier.composer.php"
                ]
            },
            "notification-url": "https://packagist.org/downloads/",
            "license": [
                "LGPL"
            ],
            "authors": [
                {
                    "name": "Edward Z. Yang",
                    "email": "admin@htmlpurifier.org",
                    "homepage": "http://ezyang.com"
                }
            ],
            "description": "Standards compliant HTML filter written in PHP",
            "homepage": "http://htmlpurifier.org/",
            "keywords": [
                "html"
            ],
            "time": "2017-06-03T02:28:16+00:00"
        },
        {
            "name": "michelf/php-markdown",
            "version": "1.6.0",
            "source": {
                "type": "git",
                "url": "https://github.com/michelf/php-markdown.git",
                "reference": "156e56ee036505ec637d761ee62dc425d807183c"
            },
            "dist": {
                "type": "zip",
                "url": "https://api.github.com/repos/michelf/php-markdown/zipball/156e56ee036505ec637d761ee62dc425d807183c",
                "reference": "156e56ee036505ec637d761ee62dc425d807183c",
                "shasum": ""
            },
            "require": {
                "php": ">=5.3.0"
            },
            "type": "library",
            "extra": {
                "branch-alias": {
                    "dev-lib": "1.4.x-dev"
                }
            },
            "autoload": {
                "psr-0": {
                    "Michelf": ""
                }
            },
            "notification-url": "https://packagist.org/downloads/",
            "license": [
                "BSD-3-Clause"
            ],
            "authors": [
                {
                    "name": "Michel Fortin",
                    "email": "michel.fortin@michelf.ca",
                    "homepage": "https://michelf.ca/",
                    "role": "Developer"
                },
                {
                    "name": "John Gruber",
                    "homepage": "https://daringfireball.net/"
                }
            ],
            "description": "PHP Markdown",
            "homepage": "https://michelf.ca/projects/php-markdown/",
            "keywords": [
                "markdown"
            ],
            "time": "2015-12-24T01:37:31+00:00"
        },
        {
            "name": "michelf/php-smartypants",
            "version": "1.6.0",
            "source": {
                "type": "git",
                "url": "https://github.com/michelf/php-smartypants.git",
                "reference": "674badae316a957173c67dd3184e21cb6807d7fb"
            },
            "dist": {
                "type": "zip",
                "url": "https://api.github.com/repos/michelf/php-smartypants/zipball/674badae316a957173c67dd3184e21cb6807d7fb",
                "reference": "674badae316a957173c67dd3184e21cb6807d7fb",
                "shasum": ""
            },
            "require": {
                "php": ">=5.3.0"
            },
            "type": "library",
            "extra": {
                "branch-alias": {
                    "dev-lib": "1.6.x-dev"
                }
            },
            "autoload": {
                "psr-0": {
                    "Michelf": ""
                }
            },
            "notification-url": "https://packagist.org/downloads/",
            "license": [
                "BSD-3-Clause"
            ],
            "authors": [
                {
                    "name": "Michel Fortin",
                    "email": "michel.fortin@michelf.ca",
                    "homepage": "https://michelf.ca/",
                    "role": "Developer"
                },
                {
                    "name": "John Gruber",
                    "homepage": "https://daringfireball.net/"
                }
            ],
            "description": "PHP SmartyPants",
            "homepage": "https://michelf.ca/projects/php-smartypants/",
            "keywords": [
                "dashes",
                "quotes",
                "spaces",
                "typographer",
                "typography"
            ],
            "time": "2016-10-10T18:14:08+00:00"
        },
        {
            "name": "scrivo/highlight.php",
            "version": "v9.0.0",
            "source": {
                "type": "git",
                "url": "https://github.com/scrivo/highlight.php.git",
                "reference": "a905bf346a47f5fa40f33641b346c37f418d1242"
            },
            "dist": {
                "type": "zip",
                "url": "https://api.github.com/repos/scrivo/highlight.php/zipball/a905bf346a47f5fa40f33641b346c37f418d1242",
                "reference": "a905bf346a47f5fa40f33641b346c37f418d1242",
                "shasum": ""
            },
            "type": "library",
            "autoload": {
                "psr-0": {
                    "Highlight\\": ""
                }
            },
            "notification-url": "https://packagist.org/downloads/",
            "license": [
                "BSD-3-Clause"
            ],
            "description": "Server side syntax highlighter that supports over 90 languages. It's a PHP port of highlight.js",
            "keywords": [
                "code",
                "highlight",
                "highlight.js",
                "highlight.php",
                "syntax"
            ],
            "time": "2016-01-01T14:08:00+00:00"
        }
    ],
    "packages-dev": [],
    "aliases": [],
    "minimum-stability": "stable",
    "stability-flags": [],
    "prefer-stable": false,
    "prefer-lowest": false,
    "platform": [],
    "platform-dev": []
}
